hash: aa0c289b1b1ece4b857ef5308f1474c9978ff8b2c6e1152c87cbd1cfa4c8741b
updated: 2017-01-08T12:12:40.27371619-05:00
imports:
- name: github.com/gorilla/pat
  version: cf955c3d1f2c27ee96f93e9738085c762ff5f49d
- name: github.com/urfave/negroni
  version: fde5e16d32adc7ad637e9cd9ad21d4ebc6192535
testImports: []
